// !$*UTF8*$!
{
	archiveVersion = 1;
	classes = {
	};
	objectVersion = 46;
	objects = {

/* Begin PBXBuildFile section */
		4D9399191CD1ADAA0034E61D /* main.m in Sources */ = {isa = PBXBuildFile; fileRef = 4D9399181CD1ADAA0034E61D /* main.m */; };
		4D93991C1CD1ADAA0034E61D /* AppDelegate.m in Sources */ = {isa = PBXBuildFile; fileRef = 4D93991B1CD1ADAA0034E61D /* AppDelegate.m */; };
		4D93991F1CD1ADAA0034E61D /* ViewController.m in Sources */ = {isa = PBXBuildFile; fileRef = 4D93991E1CD1ADAA0034E61D /* ViewController.m */; };
		4D9399221CD1ADAA0034E61D /* Main.storyboard in Resources */ = {isa = PBXBuildFile; fileRef = 4D9399201CD1ADAA0034E61D /* Main.storyboard */; };
		4D9399251CD1ADAA0034E61D /* TableSelectAll.xcdatamodeld in Sources */ = {isa = PBXBuildFile; fileRef = 4D9399231CD1ADAA0034E61D /* TableSelectAll.xcdatamodeld */; };
		4D9399271CD1ADAA0034E61D /* Assets.xcassets in Resources */ = {isa = PBXBuildFile; fileRef = 4D9399261CD1ADAA0034E61D /* Assets.xcassets */; };
		4D93992A1CD1ADAA0034E61D /* LaunchScreen.storyboard in Resources */ = {isa = PBXBuildFile; fileRef = 4D9399281CD1ADAA0034E61D /* LaunchScreen.storyboard */; };
		4D9399341CD1B2CC0034E61D /* TableViewCell.m in Sources */ = {isa = PBXBuildFile; fileRef = 4D9399321CD1B2CC0034E61D /* TableViewCell.m */; };
		4D9399351CD1B2CC0034E61D /* TableViewCell.xib in Resources */ = {isa = PBXBuildFile; fileRef = 4D9399331CD1B2CC0034E61D /* TableViewCell.xib */; };
		4D9399381CD1B4F00034E61D /* Food.m in Sources */ = {isa = PBXBuildFile; fileRef = 4D9399371CD1B4F00034E61D /* Food.m */; };
/* End PBXBuildFile section */

/* Begin PBXFileReference section */
		4D9399141CD1ADAA0034E61D /* TableSelectAll.app */ = {isa = PBXFileReference; explicitFileType = wrapper.application; includeInIndex = 0; path = TableSelectAll.app; sourceTree = BUILT_PRODUCTS_DIR; };
		4D9399181CD1ADAA0034E61D /* main.m */ = {isa = PBXFileReference; lastKnownFileType = sourcecode.c.objc; path = main.m; sourceTree = "<group>"; };
		4D93991A1CD1ADAA0034E61D /* AppDelegate.h */ = {isa = PBXFileReference; lastKnownFileType = sourcecode.c.h; path = AppDelegate.h; sourceTree = "<group>"; };
		4D93991B1CD1ADAA0034E61D /* AppDelegate.m */ = {isa = PBXFileReference; lastKnownFileType = sourcecode.c.objc; path = AppDelegate.m; sourceTree = "<group>"; };
		4D93991D1CD1ADAA0034E61D /* ViewController.h */ = {isa = PBXFileReference; lastKnownFileType = sourcecode.c.h; path = ViewController.h; sourceTree = "<group>"; };
		4D93991E1CD1ADAA0034E61D /* ViewController.m */ = {isa = PBXFileReference; lastKnownFileType = sourcecode.c.objc; path = ViewController.m; sourceTree = "<group>"; };
		4D9399211CD1ADAA0034E61D /* Base */ = {isa = PBXFileReference; lastKnownFileType = file.storyboard; name = Base; path = Base.lproj/Main.storyboard; sourceTree = "<group>"; };
		4D9399241CD1ADAA0034E61D /* TableSelectAll.xcdatamodel */ = {isa = PBXFileReference; lastKnownFileType = wrapper.xcdatamodel; path = TableSelectAll.xcdatamodel; sourceTree = "<group>"; };
		4D9399261CD1ADAA0034E61D /* Assets.xcassets */ = {isa = PBXFileReference; lastKnownFileType = folder.assetcatalog; path = Assets.xcassets; sourceTree = "<group>"; };
		4D9399291CD1ADAA0034E61D /* Base */ = {isa = PBXFileReference; lastKnownFileType = file.storyboard; name = Base; path = Base.lproj/LaunchScreen.storyboard; sourceTree = "<group>"; };
		4D93992B1CD1ADAA0034E61D /* Info.plist */ = {isa = PBXFileReference; lastKnownFileType = text.plist.xml; path = Info.plist; sourceTree = "<group>"; };
		4D9399311CD1B2CC0034E61D /* TableViewCell.h */ = {isa = PBXFileReference; fileEncoding = 4; lastKnownFileType = sourcecode.c.h; path = TableViewCell.h; sourceTree = "<group>"; };
		4D9399321CD1B2CC0034E61D /* TableViewCell.m */ = {isa = PBXFileReference; fileEncoding = 4; lastKnownFileType = sourcecode.c.objc; path = TableViewCell.m; sourceTree = "<group>"; };
		4D9399331CD1B2CC0034E61D /* TableViewCell.xib */ = {isa = PBXFileReference; fileEncoding = 4; lastKnownFileType = file.xib; path = TableViewCell.xib; sourceTree = "<group>"; };
		4D9399361CD1B4F00034E61D /* Food.h */ = {isa = PBXFileReference; fileEncoding = 4; lastKnownFileType = sourcecode.c.h; path = Food.h; sourceTree = "<group>"; };
		4D9399371CD1B4F00034E61D /* Food.m */ = {isa = PBXFileReference; fileEncoding = 4; lastKnownFileType = sourcecode.c.objc; path = Food.m; sourceTree = "<group>"; };
/* End PBXFileReference section */

/* Begin PBXFrameworksBuildPhase section */
		4D9399111CD1ADAA0034E61D /* Frameworks */ = {
			isa = PBXFrameworksBuildPhase;
			buildActionMask = 2147483647;
			files = (
			);
			runOnlyForDeploymentPostprocessing = 0;
		};
/* End PBXFrameworksBuildPhase section */

/* Begin PBXGroup section */
		4D93990B1CD1ADAA0034E61D = {
			isa = PBXGroup;
			children = (
				4D9399161CD1ADAA0034E61D /* TableSelectAll */,
				4D9399151CD1ADAA0034E61D /* Products */,
			);
			sourceTree = "<group>";
		};
		4D9399151CD1ADAA0034E61D /* Products */ = {
			isa = PBXGroup;
			children = (
				4D9399141CD1ADAA0034E61D /* TableSelectAll.app */,
			);
			name = Products;
			sourceTree = "<group>";
		};
		4D9399161CD1ADAA0034E61D /* TableSelectAll */ = {
			isa = PBXGroup;
			children = (
				4D93991A1CD1ADAA0034E61D /* AppDelegate.h */,
				4D93991B1CD1ADAA0034E61D /* AppDelegate.m */,
				4D93991D1CD1ADAA0034E61D /* ViewController.h */,
				4D93991E1CD1ADAA0034E61D /* ViewController.m */,
				4D9399201CD1ADAA0034E61D /* Main.storyboard */,
				4D9399311CD1B2CC0034E61D /* TableViewCell.h */,
				4D9399321CD1B2CC0034E61D /* TableViewCell.m */,
				4D9399331CD1B2CC0034E61D /* TableViewCell.xib */,
				4D9399361CD1B4F00034E61D /* Food.h */,
				4D9399371CD1B4F00034E61D /* Food.m */,
				4D9399261CD1ADAA0034E61D /* Assets.xcassets */,
				4D9399281CD1ADAA0034E61D /* LaunchScreen.storyboard */,
				4D93992B1CD1ADAA0034E61D /* Info.plist */,
				4D9399231CD1ADAA0034E61D /* TableSelectAll.xcdatamodeld */,
				4D9399171CD1ADAA0034E61D /* Supporting Files */,
			);
			path = TableSelectAll;
			sourceTree = "<group>";
		};
		4D9399171CD1ADAA0034E61D /* Supporting Files */ = {
			isa = PBXGroup;
			children = (
				4D9399181CD1ADAA0034E61D /* main.m */,
			);
			name = "Supporting Files";
			sourceTree = "<group>";
		};
/* End PBXGroup section */

/* Begin PBXNativeTarget section */
		4D9399131CD1ADAA0034E61D /* TableSelectAll */ = {
			isa = PBXNativeTarget;
			buildConfigurationList = 4D93992E1CD1ADAA0034E61D /* Build configuration list for PBXNativeTarget "TableSelectAll" */;
			buildPhases = (
				4D9399101CD1ADAA0034E61D /* Sources */,
				4D9399111CD1ADAA0034E61D /* Frameworks */,
				4D9399121CD1ADAA0034E61D /* Resources */,
			);
			buildRules = (
			);
			dependencies = (
			);
			name = TableSelectAll;
			productName = TableSelectAll;
			productReference = 4D9399141CD1ADAA0034E61D /* TableSelectAll.app */;
			productType = "com.apple.product-type.application";
		};
/* End PBXNativeTarget section */

/* Begin PBXProject section */
		4D93990C1CD1ADAA0034E61D /* Project object */ = {
			isa = PBXProject;
			attributes = {
				LastUpgradeCheck = 0720;
				ORGANIZATIONNAME = "com@angelwin";
				TargetAttributes = {
					4D9399131CD1ADAA0034E61D = {
						CreatedOnToolsVersion = 7.2;
					};
				};
			};
			buildConfigurationList = 4D93990F1CD1ADAA0034E61D /* Build configuration list for PBXProject "TableSelectAll" */;
			compatibilityVersion = "Xcode 3.2";
			developmentRegion = English;
			hasScannedForEncodings = 0;
			knownRegions = (
				en,
				Base,
			);
			mainGroup = 4D93990B1CD1ADAA0034E61D;
			productRefGroup = 4D9399151CD1ADAA0034E61D /* Products */;
			projectDirPath = "";
			projectRoot = "";
			targets = (
				4D9399131CD1ADAA0034E61D /* TableSelectAll */,
			);
		};
/* End PBXProject section */

/* Begin PBXResourcesBuildPhase section */
		4D9399121CD1ADAA0034E61D /* Resources */ = {
			isa = PBXResourcesBuildPhase;
			buildActionMask = 2147483647;
			files = (
				4D93992A1CD1ADAA0034E61D /* LaunchScreen.storyboard in Resources */,
				4D9399351CD1B2CC0034E61D /* TableViewCell.xib in Resources */,
				4D9399271CD1ADAA0034E61D /* Assets.xcassets in Resources */,
				4D9399221CD1ADAA0034E61D /* Main.storyboard in Resources */,
			);
			runOnlyForDeploymentPostprocessing = 0;
		};
/* End PBXResourcesBuildPhase section */

/* Begin PBXSourcesBuildPhase section */
		4D9399101CD1ADAA0034E61D /* Sources */ = {
			isa = PBXSourcesBuildPhase;
			buildActionMask = 2147483647;
			files = (
				4D9399251CD1ADAA0034E61D /* TableSelectAll.xcdatamodeld in Sources */,
				4D93991F1CD1ADAA0034E61D /* ViewController.m in Sources */,
				4D93991C1CD1ADAA0034E61D /* AppDelegate.m in Sources */,
				4D9399381CD1B4F00034E61D /* Food.m in Sources */,
				4D9399341CD1B2CC0034E61D /* TableViewCell.m in Sources */,
				4D9399191CD1ADAA0034E61D /* main.m in Sources */,
			);
			runOnlyForDeploymentPostprocessing = 0;
		};
/* End PBXSourcesBuildPhase section */

/* Begin PBXVariantGroup section */
		4D9399201CD1ADAA0034E61D /* Main.storyboard */ = {
			isa = PBXVariantGroup;
			children = (
				4D9399211CD1ADAA0034E61D /* Base */,
			);
			name = Main.storyboard;
			sourceTree = "<group>";
		};
		4D9399281CD1ADAA0034E61D /* LaunchScreen.storyboard */ = {
			isa = PBXVariantGroup;
			children = (
				4D9399291CD1ADAA0034E61D /* Base */,
			);
			name = LaunchScreen.storyboard;
			sourceTree = "<group>";
		};
/* End PBXVariantGroup section */

/* Begin XCBuildConfiguration section */
		4D93992C1CD1ADAA0034E61D /* Debug */ = {
			isa = XCBuildConfiguration;
			buildSettings = {
				ALWAYS_SEARCH_USER_PATHS = NO;
				CLANG_CXX_LANGUAGE_STANDARD = "gnu++0x";
				CLANG_CXX_LIBRARY = "libc++";
				CLANG_ENABLE_MODULES = YES;
				CLANG_ENABLE_OBJC_ARC = YES;
				CLANG_WARN_BOOL_CONVERSION = YES;
				CLANG_WARN_CONSTANT_CONVERSION = YES;
				CLANG_WARN_DIRECT_OBJC_ISA_USAGE = YES_ERROR;
				CLANG_WARN_EMPTY_BODY = YES;
				CLANG_WARN_ENUM_CONVERSION = YES;
				CLANG_WARN_INT_CONVERSION = YES;
				CLANG_WARN_OBJC_ROOT_CLASS = YES_ERROR;
				CLANG_WARN_UNREACHABLE_CODE = YES;
				CLANG_WARN__DUPLICATE_METHOD_MATCH = YES;
				"CODE_SIGN_IDENTITY[sdk=iphoneos*]" = "iPhone Developer";
				COPY_PHASE_STRIP = NO;
				DEBUG_INFORMATION_FORMAT = dwarf;
				ENABLE_STRICT_OBJC_MSGSEND = YES;
				ENABLE_TESTABILITY = YES;
				GCC_C_LANGUAGE_STANDARD = gnu99;
				GCC_DYNAMIC_NO_PIC = NO;
				GCC_NO_COMMON_BLOCKS = YES;
				GCC_OPTIMIZATION_LEVEL = 0;
				GCC_PREPROCESSOR_DEFINITIONS = (
					"DEBUG=1",
					"$(inherited)",
				);
				GCC_WARN_64_TO_32_BIT_CONVERSION = YES;
				GCC_WARN_ABOUT_RETURN_TYPE = YES_ERROR;
				GCC_WARN_UNDECLARED_SELECTOR = YES;
				GCC_WARN_UNINITIALIZED_AUTOS = YES_AGGRESSIVE;
				GCC_WARN_UNUSED_FUNCTION = YES;
				GCC_WARN_UNUSED_VARIABLE = YES;
				IPHONEOS_DEPLOYMENT_TARGET = 9.2;
				MTL_ENABLE_DEBUG_INFO = YES;
				ONLY_ACTIVE_ARCH = YES;
				SDKROOT = iphoneos;
			};
			name = Debug;
		};
		4D93992D1CD1ADAA0034E61D /* Release */ = {
			isa = XCBuildConfiguration;
			buildSettings = {
				ALWAYS_SEARCH_USER_PATHS = NO;
				CLANG_CXX_LANGUAGE_STANDARD = "gnu++0x";
				CLANG_CXX_LIBRARY = "libc++";
				CLANG_ENABLE_MODULES = YES;
				CLANG_ENABLE_OBJC_ARC = YES;
				CLANG_WARN_BOOL_CONVERSION = YES;
				CLANG_WARN_CONSTANT_CONVERSION = YES;
				CLANG_WARN_DIRECT_OBJC_ISA_USAGE = YES_ERROR;
				CLANG_WARN_EMPTY_BODY = YES;
				CLANG_WARN_ENUM_CONVERSION = YES;
				CLANG_WARN_INT_CONVERSION = YES;
				CLANG_WARN_OBJC_ROOT_CLASS = YES_ERROR;
				CLANG_WARN_UNREACHABLE_CODE = YES;
				CLANG_WARN__DUPLICATE_METHOD_MATCH = YES;
				"CODE_SIGN_IDENTITY[sdk=iphoneos*]" = "iPhone Developer";
				COPY_PHASE_STRIP = NO;
				DEBUG_INFORMATION_FORMAT = "dwarf-with-dsym";
				ENABLE_NS_ASSERTIONS = NO;
				ENABLE_STRICT_OBJC_MSGSEND = YES;
				GCC_C_LANGUAGE_STANDARD = gnu99;
				GCC_NO_COMMON_BLOCKS = YES;
				GCC_WARN_64_TO_32_BIT_CONVERSION = YES;
				GCC_WARN_ABOUT_RETURN_TYPE = YES_ERROR;
				GCC_WARN_UNDECLARED_SELECTOR = YES;
				GCC_WARN_UNINITIALIZED_AUTOS = YES_AGGRESSIVE;
				GCC_WARN_UNUSED_FUNCTION = YES;
				GCC_WARN_UNUSED_VARIABLE = YES;
				IPHONEOS_DEPLOYMENT_TARGET = 9.2;
				MTL_ENABLE_DEBUG_INFO = NO;
				SDKROOT = iphoneos;
				VALIDATE_PRODUCT = YES;
			};
			name = Release;
		};
		4D93992F1CD1ADAA0034E61D /* Debug */ = {
			isa = XCBuildConfiguration;
			buildSettings = {
				ASSETCATALOG_COMPILER_APPICON_NAME = AppIcon;
				INFOPLIST_FILE = TableSelectAll/Info.plist;
				LD_RUNPATH_SEARCH_PATHS = "$(inherited) @executable_path/Frameworks";
				PRODUCT_BUNDLE_IDENTIFIER = angewin.TableSelectAll;
				PRODUCT_NAME = "$(TARGET_NAME)";
			};
			name = Debug;
		};
		4D9399301CD1ADAA0034E61D /* Release */ = {
			isa = XCBuildConfiguration;
			buildSettings = {
				ASSETCATALOG_COMPILER_APPICON_NAME = AppIcon;
				INFOPLIST_FILE = TableSelectAll/Info.plist;
				LD_RUNPATH_SEARCH_PATHS = "$(inherited) @executable_path/Frameworks";
				PRODUCT_BUNDLE_IDENTIFIER = angewin.TableSelectAll;
				PRODUCT_NAME = "$(TARGET_NAME)";
			};
			name = Release;
		};
/* End XCBuildConfiguration section */

/* Begin XCConfigurationList section */
		4D93990F1CD1ADAA0034E61D /* Build configuration list for PBXProject "TableSelectAll" */ = {
			isa = XCConfigurationList;
			buildConfigurations = (
				4D93992C1CD1ADAA0034E61D /* Debug */,
				4D93992D1CD1ADAA0034E61D /* Release */,
			);
			defaultConfigurationIsVisible = 0;
			defaultConfigurationName = Release;
		};
		4D93992E1CD1ADAA0034E61D /* Build configuration list for PBXNativeTarget "TableSelectAll" */ = {
			isa = XCConfigurationList;
			buildConfigurations = (
				4D93992F1CD1ADAA0034E61D /* Debug */,
				4D9399301CD1ADAA0034E61D /* Release */,
			);
			defaultConfigurationIsVisible = 0;
		};
/* End XCConfigurationList section */

/* Begin XCVersionGroup section */
		4D9399231CD1ADAA0034E61D /* TableSelectAll.xcdatamodeld */ = {
			isa = XCVersionGroup;
			children = (
				4D9399241CD1ADAA0034E61D /* TableSelectAll.xcdatamodel */,
			);
			currentVersion = 4D9399241CD1ADAA0034E61D /* TableSelectAll.xcdatamodel */;
			path = TableSelectAll.xcdatamodeld;
			sourceTree = "<group>";
			versionGroupType = wrapper.xcdatamodel;
		};
/* End XCVersionGroup section */
	};
	rootObject = 4D93990C1CD1ADAA0034E61D /* Project object */;
}
